
Microsoft Visual Studio Solution File, Format Version 12.00
Project("{FAE04EC0-301F-11D3-BF4B-00C04F79EFBC}") = "Opener", "Opener\Opener.csproj", "{1938D624-17D1-4D78-87C3-FEAD66B965F5}"
EndProject
Project("{FAE04EC0-301F-11D3-BF4B-00C04F79EFBC}") = "OpenerService", "OpenerApp\OpenerService\OpenerService.csproj", "{0E544CD5-677D-403E-AB12-9A8188688EC5}"
EndProject
Project("{FAE04EC0-301F-11D3-BF4B-00C04F79EFBC}") = "OpenerService.Test", "OpenerApp\OpenerService.Test\OpenerService.Test.csproj", "{7905C5E7-BCD0-4738-9553-D2082DA4860E}"
EndProject
Global
	GlobalSection(SolutionConfigurationPlatforms) = preSolution
		Debug|Any CPU = Debug|Any CPU
		Release|Any CPU = Release|Any CPU
		Remote Debug|Any CPU = Remote Debug|Any CPU
	EndGlobalSection
	GlobalSection(ProjectConfigurationPlatforms) = postSolution
		{1938D624-17D1-4D78-87C3-FEAD66B965F5}.Debug|Any CPU.ActiveCfg = Debug|Any CPU
		{1938D624-17D1-4D78-87C3-FEAD66B965F5}.Debug|Any CPU.Build.0 = Debug|Any CPU
		{1938D624-17D1-4D78-87C3-FEAD66B965F5}.Release|Any CPU.ActiveCfg = Release|Any CPU
		{1938D624-17D1-4D78-87C3-FEAD66B965F5}.Release|Any CPU.Build.0 = Release|Any CPU
		{1938D624-17D1-4D78-87C3-FEAD66B965F5}.Remote Debug|Any CPU.ActiveCfg = Remote Debug|Any CPU
		{1938D624-17D1-4D78-87C3-FEAD66B965F5}.Remote Debug|Any CPU.Build.0 = Remote Debug|Any CPU
		{1938D624-17D1-4D78-87C3-FEAD66B965F5}.Remote Debug|Any CPU.Deploy.0 = Remote Debug|Any CPU
		{0E544CD5-677D-403E-AB12-9A8188688EC5}.Debug|Any CPU.ActiveCfg = Debug|Any CPU
		{0E544CD5-677D-403E-AB12-9A8188688EC5}.Debug|Any CPU.Build.0 = Debug|Any CPU
		{0E544CD5-677D-403E-AB12-9A8188688EC5}.Release|Any CPU.ActiveCfg = Release|Any CPU
		{0E544CD5-677D-403E-AB12-9A8188688EC5}.Release|Any CPU.Build.0 = Release|Any CPU
		{0E544CD5-677D-403E-AB12-9A8188688EC5}.Remote Debug|Any CPU.ActiveCfg = Debug|Any CPU
		{0E544CD5-677D-403E-AB12-9A8188688EC5}.Remote Debug|Any CPU.Build.0 = Debug|Any CPU
		{7905C5E7-BCD0-4738-9553-D2082DA4860E}.Debug|Any CPU.ActiveCfg = Debug|Any CPU
		{7905C5E7-BCD0-4738-9553-D2082DA4860E}.Debug|Any CPU.Build.0 = Debug|Any CPU
		{7905C5E7-BCD0-4738-9553-D2082DA4860E}.Release|Any CPU.ActiveCfg = Release|Any CPU
		{7905C5E7-BCD0-4738-9553-D2082DA4860E}.Release|Any CPU.Build.0 = Release|Any CPU
		{7905C5E7-BCD0-4738-9553-D2082DA4860E}.Remote Debug|Any CPU.ActiveCfg = Debug|Any CPU
		{7905C5E7-BCD0-4738-9553-D2082DA4860E}.Remote Debug|Any CPU.Build.0 = Debug|Any CPU
	EndGlobalSection
EndGlobal
